// !$*UTF8*$!
{
	archiveVersion = 1;
	classes = {
	};
	objectVersion = 77;
	objects = {

/* Begin PBXContainerItemProxy section */
		AFB135882CB40ECE0094EBE0 /* PBXContainerItemProxy */ = {
			isa = PBXContainerItemProxy;
			containerPortal = AFB1356F2CB40ECD0094EBE0 /* Project object */;
			proxyType = 1;
			remoteGlobalIDString = AFB135762CB40ECD0094EBE0;
			remoteInfo = DomadoV;
		};
		AFB135922CB40ECF0094EBE0 /* PBXContainerItemProxy */ = {
			isa = PBXContainerItemProxy;
			containerPortal = AFB1356F2CB40ECD0094EBE0 /* Project object */;
			proxyType = 1;
			remoteGlobalIDString = AFB135762CB40ECD0094EBE0;
			remoteInfo = DomadoV;
		};
/* End PBXContainerItemProxy section */

/* Begin PBXFileReference section */
		AFB135772CB40ECD0094EBE0 /* DomadoV.app */ = {isa = PBXFileReference; explicitFileType = wrapper.application; includeInIndex = 0; path = DomadoV.app; sourceTree = BUILT_PRODUCTS_DIR; };
		AFB135872CB40ECE0094EBE0 /* DomadoVTests.xctest */ = {isa = PBXFileReference; explicitFileType = wrapper.cfbundle; includeInIndex = 0; path = DomadoVTests.xctest; sourceTree = BUILT_PRODUCTS_DIR; };
		AFB135912CB40ECF0094EBE0 /* DomadoVUITests.xctest */ = {isa = PBXFileReference; explicitFileType = wrapper.cfbundle; includeInIndex = 0; path = DomadoVUITests.xctest; sourceTree = BUILT_PRODUCTS_DIR; };
/* End PBXFileReference section */

/* Begin PBXFileSystemSynchronizedBuildFileExceptionSet section */
		AFB1368C2CB8C8A40094EBE0 /* Exceptions for "DomadoV" folder in "DomadoV" target */ = {
			isa = PBXFileSystemSynchronizedBuildFileExceptionSet;
			membershipExceptions = (
				Info.plist,
			);
			target = AFB135762CB40ECD0094EBE0 /* DomadoV */;
		};
/* End PBXFileSystemSynchronizedBuildFileExceptionSet section */

/* Begin PBXFileSystemSynchronizedRootGroup section */
		AFB135792CB40ECD0094EBE0 /* DomadoV */ = {
			isa = PBXFileSystemSynchronizedRootGroup;
			exceptions = (
				AFB1368C2CB8C8A40094EBE0 /* Exceptions for "DomadoV" folder in "DomadoV" target */,
			);
			path = DomadoV;
			sourceTree = "<group>";
		};
		AFB1358A2CB40ECE0094EBE0 /* DomadoVTests */ = {
			isa = PBXFileSystemSynchronizedRootGroup;
			path = DomadoVTests;
			sourceTree = "<group>";
		};
		AFB135942CB40ECF0094EBE0 /* DomadoVUITests */ = {
			isa = PBXFileSystemSynchronizedRootGroup;
			path = DomadoVUITests;
			sourceTree = "<group>";
		};
/* End PBXFileSystemSynchronizedRootGroup section */

/* Begin PBXFrameworksBuildPhase section */
		AFB135742CB40ECD0094EBE0 /* Frameworks */ = {
			isa = PBXFrameworksBuildPhase;
			buildActionMask = 2147483647;
			files = (
			);
			runOnlyForDeploymentPostprocessing = 0;
		};
		AFB135842CB40ECE0094EBE0 /* Frameworks */ = {
			isa = PBXFrameworksBuildPhase;
			buildActionMask = 2147483647;
			files = (
			);
			runOnlyForDeploymentPostprocessing = 0;
		};
		AFB1358E2CB40ECF0094EBE0 /* Frameworks */ = {
			isa = PBXFrameworksBuildPhase;
			buildActionMask = 2147483647;
			files = (
			);
			runOnlyForDeploymentPostprocessing = 0;
		};
/* End PBXFrameworksBuildPhase section */

/* Begin PBXGroup section */
		AFB1356E2CB40ECD0094EBE0 = {
			isa = PBXGroup;
			children = (
				AFB135792CB40ECD0094EBE0 /* DomadoV */,
				AFB1358A2CB40ECE0094EBE0 /* DomadoVTests */,
				AFB135942CB40ECF0094EBE0 /* DomadoVUITests */,
				AFB135782CB40ECD0094EBE0 /* Products */,
			);
			sourceTree = "<group>";
		};
		AFB135782CB40ECD0094EBE0 /* Products */ = {
			isa = PBXGroup;
			children = (
				AFB135772CB40ECD0094EBE0 /* DomadoV.app */,
				AFB135872CB40ECE0094EBE0 /* DomadoVTests.xctest */,
				AFB135912CB40ECF0094EBE0 /* DomadoVUITests.xctest */,
			);
			name = Products;
			sourceTree = "<group>";
		};
/* End PBXGroup section */

/* Begin PBXNativeTarget section */
		AFB135762CB40ECD0094EBE0 /* DomadoV */ = {
			isa = PBXNativeTarget;
			buildConfigurationList = AFB1359B2CB40ECF0094EBE0 /* Build configuration list for PBXNativeTarget "DomadoV" */;
			buildPhases = (
				AFB135732CB40ECD0094EBE0 /* Sources */,
				AFB135742CB40ECD0094EBE0 /* Frameworks */,
				AFB135752CB40ECD0094EBE0 /* Resources */,
			);
			buildRules = (
			);
			dependencies = (
			);
			fileSystemSynchronizedGroups = (
				AFB135792CB40ECD0094EBE0 /* DomadoV */,
			);
			name = DomadoV;
			packageProductDependencies = (
			);
			productName = DomadoV;
			productReference = AFB135772CB40ECD0094EBE0 /* DomadoV.app */;
			productType = "com.apple.product-type.application";
		};
		AFB135862CB40ECE0094EBE0 /* DomadoVTests */ = {
			isa = PBXNativeTarget;
			buildConfigurationList = AFB1359E2CB40ECF0094EBE0 /* Build configuration list for PBXNativeTarget "DomadoVTests" */;
			buildPhases = (
				AFB135832CB40ECE0094EBE0 /* Sources */,
				AFB135842CB40ECE0094EBE0 /* Frameworks */,
				AFB135852CB40ECE0094EBE0 /* Resources */,
			);
			buildRules = (
			);
			dependencies = (
				AFB135892CB40ECE0094EBE0 /* PBXTargetDependency */,
			);
			fileSystemSynchronizedGroups = (
				AFB1358A2CB40ECE0094EBE0 /* DomadoVTests */,
			);
			name = DomadoVTests;
			packageProductDependencies = (
			);
			productName = DomadoVTests;
			productReference = AFB135872CB40ECE0094EBE0 /* DomadoVTests.xctest */;
			productType = "com.apple.product-type.bundle.unit-test";
		};
		AFB135902CB40ECF0094EBE0 /* DomadoVUITests */ = {
			isa = PBXNativeTarget;
			buildConfigurationList = AFB135A12CB40ECF0094EBE0 /* Build configuration list for PBXNativeTarget "DomadoVUITests" */;
			buildPhases = (
				AFB1358D2CB40ECF0094EBE0 /* Sources */,
				AFB1358E2CB40ECF0094EBE0 /* Frameworks */,
				AFB1358F2CB40ECF0094EBE0 /* Resources */,
			);
			buildRules = (
			);
			dependencies = (
				AFB135932CB40ECF0094EBE0 /* PBXTargetDependency */,
			);
			fileSystemSynchronizedGroups = (
				AFB135942CB40ECF0094EBE0 /* DomadoVUITests */,
			);
			name = DomadoVUITests;
			packageProductDependencies = (
			);
			productName = DomadoVUITests;
			productReference = AFB135912CB40ECF0094EBE0 /* DomadoVUITests.xctest */;
			productType = "com.apple.product-type.bundle.ui-testing";
		};
/* End PBXNativeTarget section */

/* Begin PBXProject section */
		AFB1356F2CB40ECD0094EBE0 /* Project object */ = {
			isa = PBXProject;
			attributes = {
				BuildIndependentTargetsInParallel = 1;
				LastSwiftUpdateCheck = 1600;
				LastUpgradeCheck = 1600;
				TargetAttributes = {
					AFB135762CB40ECD0094EBE0 = {
						CreatedOnToolsVersion = 16.0;
					};
					AFB135862CB40ECE0094EBE0 = {
						CreatedOnToolsVersion = 16.0;
						TestTargetID = AFB135762CB40ECD0094EBE0;
					};
					AFB135902CB40ECF0094EBE0 = {
						CreatedOnToolsVersion = 16.0;
						TestTargetID = AFB135762CB40ECD0094EBE0;
					};
				};
			};
			buildConfigurationList = AFB135722CB40ECD0094EBE0 /* Build configuration list for PBXProject "DomadoV" */;
			developmentRegion = en;
			hasScannedForEncodings = 0;
			knownRegions = (
				en,
				Base,
			);
			mainGroup = AFB1356E2CB40ECD0094EBE0;
			minimizedProjectReferenceProxies = 1;
			preferredProjectObjectVersion = 77;
			productRefGroup = AFB135782CB40ECD0094EBE0 /* Products */;
			projectDirPath = "";
			projectRoot = "";
			targets = (
				AFB135762CB40ECD0094EBE0 /* DomadoV */,
				AFB135862CB40ECE0094EBE0 /* DomadoVTests */,
				AFB135902CB40ECF0094EBE0 /* DomadoVUITests */,
			);
		};
/* End PBXProject section */

/* Begin PBXResourcesBuildPhase section */
		AFB135752CB40ECD0094EBE0 /* Resources */ = {
			isa = PBXResourcesBuildPhase;
			buildActionMask = 2147483647;
			files = (
			);
			runOnlyForDeploymentPostprocessing = 0;
		};
		AFB135852CB40ECE0094EBE0 /* Resources */ = {
			isa = PBXResourcesBuildPhase;
			buildActionMask = 2147483647;
			files = (
			);
			runOnlyForDeploymentPostprocessing = 0;
		};
		AFB1358F2CB40ECF0094EBE0 /* Resources */ = {
			isa = PBXResourcesBuildPhase;
			buildActionMask = 2147483647;
			files = (
			);
			runOnlyForDeploymentPostprocessing = 0;
		};
/* End PBXResourcesBuildPhase section */

/* Begin PBXSourcesBuildPhase section */
		AFB135732CB40ECD0094EBE0 /* Sources */ = {
			isa = PBXSourcesBuildPhase;
			buildActionMask = 2147483647;
			files = (
			);
			runOnlyForDeploymentPostprocessing = 0;
		};
		AFB135832CB40ECE0094EBE0 /* Sources */ = {
			isa = PBXSourcesBuildPhase;
			buildActionMask = 2147483647;
			files = (
			);
			runOnlyForDeploymentPostprocessing = 0;
		};
		AFB1358D2CB40ECF0094EBE0 /* Sources */ = {
			isa = PBXSourcesBuildPhase;
			buildActionMask = 2147483647;
			files = (
			);
			runOnlyForDeploymentPostprocessing = 0;
		};
/* End PBXSourcesBuildPhase section */

/* Begin PBXTargetDependency section */
		AFB135892CB40ECE0094EBE0 /* PBXTargetDependency */ = {
			isa = PBXTargetDependency;
			target = AFB135762CB40ECD0094EBE0 /* DomadoV */;
			targetProxy = AFB135882CB40ECE0094EBE0 /* PBXContainerItemProxy */;
		};
		AFB135932CB40ECF0094EBE0 /* PBXTargetDependency */ = {
			isa = PBXTargetDependency;
			target = AFB135762CB40ECD0094EBE0 /* DomadoV */;
			targetProxy = AFB135922CB40ECF0094EBE0 /* PBXContainerItemProxy */;
		};
/* End PBXTargetDependency section */

/* Begin XCBuildConfiguration section */
		AFB135992CB40ECF0094EBE0 /* Debug */ = {
			isa = XCBuildConfiguration;
			buildSettings = {
				ALWAYS_SEARCH_USER_PATHS = NO;
				ASSETCATALOG_COMPILER_GENERATE_SWIFT_ASSET_SYMBOL_EXTENSIONS = YES;
				CLANG_ANALYZER_NONNULL = YES;
				CLANG_ANALYZER_NUMBER_OBJECT_CONVERSION = YES_AGGRESSIVE;
				CLANG_CXX_LANGUAGE_STANDARD = "gnu++20";
				CLANG_ENABLE_MODULES = YES;
				CLANG_ENABLE_OBJC_ARC = YES;
				CLANG_ENABLE_OBJC_WEAK = YES;
				CLANG_WARN_BLOCK_CAPTURE_AUTORELEASING = YES;
				CLANG_WARN_BOOL_CONVERSION = YES;
				CLANG_WARN_COMMA = YES;
				CLANG_WARN_CONSTANT_CONVERSION = YES;
				CLANG_WARN_DEPRECATED_OBJC_IMPLEMENTATIONS = YES;
				CLANG_WARN_DIRECT_OBJC_ISA_USAGE = YES_ERROR;
				CLANG_WARN_DOCUMENTATION_COMMENTS = YES;
				CLANG_WARN_EMPTY_BODY = YES;
				CLANG_WARN_ENUM_CONVERSION = YES;
				CLANG_WARN_INFINITE_RECURSION = YES;
				CLANG_WARN_INT_CONVERSION = YES;
				CLANG_WARN_NON_LITERAL_NULL_CONVERSION = YES;
				CLANG_WARN_OBJC_IMPLICIT_RETAIN_SELF = YES;
				CLANG_WARN_OBJC_LITERAL_CONVERSION = YES;
				CLANG_WARN_OBJC_ROOT_CLASS = YES_ERROR;
				CLANG_WARN_QUOTED_INCLUDE_IN_FRAMEWORK_HEADER = YES;
				CLANG_WARN_RANGE_LOOP_ANALYSIS = YES;
				CLANG_WARN_STRICT_PROTOTYPES = YES;
				CLANG_WARN_SUSPICIOUS_MOVE = YES;
				CLANG_WARN_UNGUARDED_AVAILABILITY = YES_AGGRESSIVE;
				CLANG_WARN_UNREACHABLE_CODE = YES;
				CLANG_WARN__DUPLICATE_METHOD_MATCH = YES;
				COPY_PHASE_STRIP = NO;
				DEBUG_INFORMATION_FORMAT = dwarf;
				ENABLE_STRICT_OBJC_MSGSEND = YES;
				ENABLE_TESTABILITY = YES;
				ENABLE_USER_SCRIPT_SANDBOXING = YES;
				GCC_C_LANGUAGE_STANDARD = gnu17;
				GCC_DYNAMIC_NO_PIC = NO;
				GCC_NO_COMMON_BLOCKS = YES;
				GCC_OPTIMIZATION_LEVEL = 0;
				GCC_PREPROCESSOR_DEFINITIONS = (
					"DEBUG=1",
					"$(inherited)",
				);
				GCC_WARN_64_TO_32_BIT_CONVERSION = YES;
				GCC_WARN_ABOUT_RETURN_TYPE = YES_ERROR;
				GCC_WARN_UNDECLARED_SELECTOR = YES;
				GCC_WARN_UNINITIALIZED_AUTOS = YES_AGGRESSIVE;
				GCC_WARN_UNUSED_FUNCTION = YES;
				GCC_WARN_UNUSED_VARIABLE = YES;
				IPHONEOS_DEPLOYMENT_TARGET = 18.0;
				LOCALIZATION_PREFERS_STRING_CATALOGS = YES;
				MTL_ENABLE_DEBUG_INFO = INCLUDE_SOURCE;
				MTL_FAST_MATH = YES;
				ONLY_ACTIVE_ARCH = YES;
				SDKROOT = iphoneos;
				SWIFT_ACTIVE_COMPILATION_CONDITIONS = "DEBUG $(inherited)";
				SWIFT_OPTIMIZATION_LEVEL = "-Onone";
			};
			name = Debug;
		};
		AFB1359A2CB40ECF0094EBE0 /* Release */ = {
			isa = XCBuildConfiguration;
			buildSettings = {
				ALWAYS_SEARCH_USER_PATHS = NO;
				ASSETCATALOG_COMPILER_GENERATE_SWIFT_ASSET_SYMBOL_EXTENSIONS = YES;
				CLANG_ANALYZER_NONNULL = YES;
				CLANG_ANALYZER_NUMBER_OBJECT_CONVERSION = YES_AGGRESSIVE;
				CLANG_CXX_LANGUAGE_STANDARD = "gnu++20";
				CLANG_ENABLE_MODULES = YES;
				CLANG_ENABLE_OBJC_ARC = YES;
				CLANG_ENABLE_OBJC_WEAK = YES;
				CLANG_WARN_BLOCK_CAPTURE_AUTORELEASING = YES;
				CLANG_WARN_BOOL_CONVERSION = YES;
				CLANG_WARN_COMMA = YES;
				CLANG_WARN_CONSTANT_CONVERSION = YES;
				CLANG_WARN_DEPRECATED_OBJC_IMPLEMENTATIONS = YES;
				CLANG_WARN_DIRECT_OBJC_ISA_USAGE = YES_ERROR;
				CLANG_WARN_DOCUMENTATION_COMMENTS = YES;
				CLANG_WARN_EMPTY_BODY = YES;
				CLANG_WARN_ENUM_CONVERSION = YES;
				CLANG_WARN_INFINITE_RECURSION = YES;
				CLANG_WARN_INT_CONVERSION = YES;
				CLANG_WARN_NON_LITERAL_NULL_CONVERSION = YES;
				CLANG_WARN_OBJC_IMPLICIT_RETAIN_SELF = YES;
				CLANG_WARN_OBJC_LITERAL_CONVERSION = YES;
				CLANG_WARN_OBJC_ROOT_CLASS = YES_ERROR;
				CLANG_WARN_QUOTED_INCLUDE_IN_FRAMEWORK_HEADER = YES;
				CLANG_WARN_RANGE_LOOP_ANALYSIS = YES;
				CLANG_WARN_STRICT_PROTOTYPES = YES;
				CLANG_WARN_SUSPICIOUS_MOVE = YES;
				CLANG_WARN_UNGUARDED_AVAILABILITY = YES_AGGRESSIVE;
				CLANG_WARN_UNREACHABLE_CODE = YES;
				CLANG_WARN__DUPLICATE_METHOD_MATCH = YES;
				COPY_PHASE_STRIP = NO;
				DEBUG_INFORMATION_FORMAT = "dwarf-with-dsym";
				ENABLE_NS_ASSERTIONS = NO;
				ENABLE_STRICT_OBJC_MSGSEND = YES;
				ENABLE_USER_SCRIPT_SANDBOXING = YES;
				GCC_C_LANGUAGE_STANDARD = gnu17;
				GCC_NO_COMMON_BLOCKS = YES;
				GCC_WARN_64_TO_32_BIT_CONVERSION = YES;
				GCC_WARN_ABOUT_RETURN_TYPE = YES_ERROR;
				GCC_WARN_UNDECLARED_SELECTOR = YES;
				GCC_WARN_UNINITIALIZED_AUTOS = YES_AGGRESSIVE;
				GCC_WARN_UNUSED_FUNCTION = YES;
				GCC_WARN_UNUSED_VARIABLE = YES;
				IPHONEOS_DEPLOYMENT_TARGET = 18.0;
				LOCALIZATION_PREFERS_STRING_CATALOGS = YES;
				MTL_ENABLE_DEBUG_INFO = NO;
				MTL_FAST_MATH = YES;
				SDKROOT = iphoneos;
				SWIFT_COMPILATION_MODE = wholemodule;
				VALIDATE_PRODUCT = YES;
			};
			name = Release;
		};
		AFB1359C2CB40ECF0094EBE0 /* Debug */ = {
			isa = XCBuildConfiguration;
			buildSettings = {
				ASSETCATALOG_COMPILER_APPICON_NAME = AppIcon;
				ASSETCATALOG_COMPILER_GLOBAL_ACCENT_COLOR_NAME = AccentColor;
				CODE_SIGN_STYLE = Automatic;
				CURRENT_PROJECT_VERSION = 1;
				DEVELOPMENT_TEAM = ZWTS2P7AH7;
				ENABLE_PREVIEWS = YES;
				GENERATE_INFOPLIST_FILE = YES;
				INFOPLIST_FILE = DomadoV/Info.plist;
				INFOPLIST_KEY_NSLocationWhenInUseUsageDescription = "";
				INFOPLIST_KEY_LSApplicationCategoryType = "public.app-category.sports";
				INFOPLIST_KEY_UIApplicationSceneManifest_Generation = YES;
				INFOPLIST_KEY_UIApplicationSupportsIndirectInputEvents = YES;
				INFOPLIST_KEY_UILaunchScreen_Generation = YES;
				INFOPLIST_KEY_UISupportedInterfaceOrientations = UIInterfaceOrientationPortrait;
				INFOPLIST_KEY_UISupportedInterfaceOrientations_iPad = "UIInterfaceOrientationLandscapeLeft UIInterfaceOrientationLandscapeRight UIInterfaceOrientationPortrait UIInterfaceOrientationPortraitUpsideDown";
				IPHONEOS_DEPLOYMENT_TARGET = 17.0;
				LD_RUNPATH_SEARCH_PATHS = (
					"$(inherited)",
					"@executable_path/Frameworks",
				);
				MARKETING_VERSION = 1.0;
				PRODUCT_BUNDLE_IDENTIFIER = com.onemorethink.DomadoV;
				PRODUCT_NAME = "$(TARGET_NAME)";
				SUPPORTED_PLATFORMS = "iphoneos iphonesimulator";
				SUPPORTS_MACCATALYST = NO;
				SUPPORTS_MAC_DESIGNED_FOR_IPHONE_IPAD = NO;
				SUPPORTS_XR_DESIGNED_FOR_IPHONE_IPAD = NO;
				SWIFT_EMIT_LOC_STRINGS = YES;
				SWIFT_VERSION = 5.0;
				TARGETED_DEVICE_FAMILY = 1;
			};
			name = Debug;
		};
		AFB1359D2CB40ECF0094EBE0 /* Release */ = {
			isa = XCBuildConfiguration;
			buildSettings = {
				ASSETCATALOG_COMPILER_APPICON_NAME = AppIcon;
				ASSETCATALOG_COMPILER_GLOBAL_ACCENT_COLOR_NAME = AccentColor;
				CODE_SIGN_STYLE = Automatic;
				CURRENT_PROJECT_VERSION = 1;
				DEVELOPMENT_TEAM = ZWTS2P7AH7;
				ENABLE_PREVIEWS = YES;
				GENERATE_INFOPLIST_FILE = YES;
				INFOPLIST_FILE = DomadoV/Info.plist;
				INFOPLIST_KEY_NSLocationWhenInUseUsageDescription = "";
				INFOPLIST_KEY_LSApplicationCategoryType = "public.app-category.sports";
				INFOPLIST_KEY_UIApplicationSceneManifest_Generation = YES;
				INFOPLIST_KEY_UIApplicationSupportsIndirectInputEvents = YES;
				INFOPLIST_KEY_UILaunchScreen_Generation = YES;
				INFOPLIST_KEY_UISupportedInterfaceOrientations = UIInterfaceOrientationPortrait;
				INFOPLIST_KEY_UISupportedInterfaceOrientations_iPad = "UIInterfaceOrientationLandscapeLeft UIInterfaceOrientationLandscapeRight UIInterfaceOrientationPortrait UIInterfaceOrientationPortraitUpsideDown";
				IPHONEOS_DEPLOYMENT_TARGET = 17.0;
				LD_RUNPATH_SEARCH_PATHS = (
					"$(inherited)",
					"@executable_path/Frameworks",
				);
				MARKETING_VERSION = 1.0;
				PRODUCT_BUNDLE_IDENTIFIER = com.onemorethink.DomadoV;
				PRODUCT_NAME = "$(TARGET_NAME)";
				SUPPORTED_PLATFORMS = "iphoneos iphonesimulator";
				SUPPORTS_MACCATALYST = NO;
				SUPPORTS_MAC_DESIGNED_FOR_IPHONE_IPAD = NO;
				SUPPORTS_XR_DESIGNED_FOR_IPHONE_IPAD = NO;
				SWIFT_EMIT_LOC_STRINGS = YES;
				SWIFT_VERSION = 5.0;
				TARGETED_DEVICE_FAMILY = 1;
			};
			name = Release;
		};
		AFB1359F2CB40ECF0094EBE0 /* Debug */ = {
			isa = XCBuildConfiguration;
			buildSettings = {
				BUNDLE_LOADER = "$(TEST_HOST)";
				CODE_SIGN_STYLE = Automatic;
				CURRENT_PROJECT_VERSION = 1;
				DEVELOPMENT_TEAM = ZWTS2P7AH7;
				GENERATE_INFOPLIST_FILE = YES;
				IPHONEOS_DEPLOYMENT_TARGET = 18.0;
				MARKETING_VERSION = 1.0;
				PRODUCT_BUNDLE_IDENTIFIER = com.onemorethink.DomadoVTests;
				PRODUCT_NAME = "$(TARGET_NAME)";
				SWIFT_EMIT_LOC_STRINGS = NO;
				SWIFT_VERSION = 5.0;
				TARGETED_DEVICE_FAMILY = "1,2";
				TEST_HOST = "$(BUILT_PRODUCTS_DIR)/DomadoV.app/$(BUNDLE_EXECUTABLE_FOLDER_PATH)/DomadoV";
			};
			name = Debug;
		};
		AFB135A02CB40ECF0094EBE0 /* Release */ = {
			isa = XCBuildConfiguration;
			buildSettings = {
				BUNDLE_LOADER = "$(TEST_HOST)";
				CODE_SIGN_STYLE = Automatic;
				CURRENT_PROJECT_VERSION = 1;
				DEVELOPMENT_TEAM = ZWTS2P7AH7;
				GENERATE_INFOPLIST_FILE = YES;
				IPHONEOS_DEPLOYMENT_TARGET = 18.0;
				MARKETING_VERSION = 1.0;
				PRODUCT_BUNDLE_IDENTIFIER = com.onemorethink.DomadoVTests;
				PRODUCT_NAME = "$(TARGET_NAME)";
				SWIFT_EMIT_LOC_STRINGS = NO;
				SWIFT_VERSION = 5.0;
				TARGETED_DEVICE_FAMILY = "1,2";
				TEST_HOST = "$(BUILT_PRODUCTS_DIR)/DomadoV.app/$(BUNDLE_EXECUTABLE_FOLDER_PATH)/DomadoV";
			};
			name = Release;
		};
		AFB135A22CB40ECF0094EBE0 /* Debug */ = {
			isa = XCBuildConfiguration;
			buildSettings = {
				CODE_SIGN_STYLE = Automatic;
				CURRENT_PROJECT_VERSION = 1;
				DEVELOPMENT_TEAM = ZWTS2P7AH7;
				GENERATE_INFOPLIST_FILE = YES;
				MARKETING_VERSION = 1.0;
				PRODUCT_BUNDLE_IDENTIFIER = com.onemorethink.DomadoVUITests;
				PRODUCT_NAME = "$(TARGET_NAME)";
				SWIFT_EMIT_LOC_STRINGS = NO;
				SWIFT_VERSION = 5.0;
				TARGETED_DEVICE_FAMILY = "1,2";
				TEST_TARGET_NAME = DomadoV;
			};
			name = Debug;
		};
		AFB135A32CB40ECF0094EBE0 /* Release */ = {
			isa = XCBuildConfiguration;
			buildSettings = {
				CODE_SIGN_STYLE = Automatic;
				CURRENT_PROJECT_VERSION = 1;
				DEVELOPMENT_TEAM = ZWTS2P7AH7;
				GENERATE_INFOPLIST_FILE = YES;
				MARKETING_VERSION = 1.0;
				PRODUCT_BUNDLE_IDENTIFIER = com.onemorethink.DomadoVUITests;
				PRODUCT_NAME = "$(TARGET_NAME)";
				SWIFT_EMIT_LOC_STRINGS = NO;
				SWIFT_VERSION = 5.0;
				TARGETED_DEVICE_FAMILY = "1,2";
				TEST_TARGET_NAME = DomadoV;
			};
			name = Release;
		};
/* End XCBuildConfiguration section */

/* Begin XCConfigurationList section */
		AFB135722CB40ECD0094EBE0 /* Build configuration list for PBXProject "DomadoV" */ = {
			isa = XCConfigurationList;
			buildConfigurations = (
				AFB135992CB40ECF0094EBE0 /* Debug */,
				AFB1359A2CB40ECF0094EBE0 /* Release */,
			);
			defaultConfigurationIsVisible = 0;
			defaultConfigurationName = Release;
		};
		AFB1359B2CB40ECF0094EBE0 /* Build configuration list for PBXNativeTarget "DomadoV" */ = {
			isa = XCConfigurationList;
			buildConfigurations = (
				AFB1359C2CB40ECF0094EBE0 /* Debug */,
				AFB1359D2CB40ECF0094EBE0 /* Release */,
			);
			defaultConfigurationIsVisible = 0;
			defaultConfigurationName = Release;
		};
		AFB1359E2CB40ECF0094EBE0 /* Build configuration list for PBXNativeTarget "DomadoVTests" */ = {
			isa = XCConfigurationList;
			buildConfigurations = (
				AFB1359F2CB40ECF0094EBE0 /* Debug */,
				AFB135A02CB40ECF0094EBE0 /* Release */,
			);
			defaultConfigurationIsVisible = 0;
			defaultConfigurationName = Release;
		};
		AFB135A12CB40ECF0094EBE0 /* Build configuration list for PBXNativeTarget "DomadoVUITests" */ = {
			isa = XCConfigurationList;
			buildConfigurations = (
				AFB135A22CB40ECF0094EBE0 /* Debug */,
				AFB135A32CB40ECF0094EBE0 /* Release */,
			);
			defaultConfigurationIsVisible = 0;
			defaultConfigurationName = Release;
		};
/* End XCConfigurationList section */
	};
	rootObject = AFB1356F2CB40ECD0094EBE0 /* Project object */;
}
